// !$*UTF8*$!
{
	archiveVersion = 1;
	classes = {
	};
	objectVersion = 55;
	objects = {

/* Begin PBXBuildFile section */
		9B4799117E8E221FD1C58603 /* Pods_firebase_todo.framework in Frameworks */ = {isa = PBXBuildFile; fileRef = 38BD957828D41F37D048BB2B /* Pods_firebase_todo.framework */; };
		E9248B3428612CF000ED4F58 /* AppDelegate.swift in Sources */ = {isa = PBXBuildFile; fileRef = E9248B3328612CF000ED4F58 /* AppDelegate.swift */; };
		E9248B3628612CF000ED4F58 /* SceneDelegate.swift in Sources */ = {isa = PBXBuildFile; fileRef = E9248B3528612CF000ED4F58 /* SceneDelegate.swift */; };
		E9248B3828612CF000ED4F58 /* LoginViewController.swift in Sources */ = {isa = PBXBuildFile; fileRef = E9248B3728612CF000ED4F58 /* LoginViewController.swift */; };
		E9248B3B28612CF000ED4F58 /* Main.storyboard in Resources */ = {isa = PBXBuildFile; fileRef = E9248B3928612CF000ED4F58 /* Main.storyboard */; };
		E9248B3D28612CF300ED4F58 /* Assets.xcassets in Resources */ = {isa = PBXBuildFile; fileRef = E9248B3C28612CF300ED4F58 /* Assets.xcassets */; };
		E9248B4028612CF300ED4F58 /* LaunchScreen.storyboard in Resources */ = {isa = PBXBuildFile; fileRef = E9248B3E28612CF300ED4F58 /* LaunchScreen.storyboard */; };
		E9248B4828613DB500ED4F58 /* TasksViewController.swift in Sources */ = {isa = PBXBuildFile; fileRef = E9248B4728613DB500ED4F58 /* TasksViewController.swift */; };
		E9248B4C2864257100ED4F58 /* GoogleService-Info.plist in Resources */ = {isa = PBXBuildFile; fileRef = E9248B4B2864257100ED4F58 /* GoogleService-Info.plist */; };
/* End PBXBuildFile section */

/* Begin PBXFileReference section */
		38BD957828D41F37D048BB2B /* Pods_firebase_todo.framework */ = {isa = PBXFileReference; explicitFileType = wrapper.framework; includeInIndex = 0; path = Pods_firebase_todo.framework; sourceTree = BUILT_PRODUCTS_DIR; };
		7232C7D8F2A1C5B6CDFB0782 /* Pods-firebase todo.release.xcconfig */ = {isa = PBXFileReference; includeInIndex = 1; lastKnownFileType = text.xcconfig; name = "Pods-firebase todo.release.xcconfig"; path = "Target Support Files/Pods-firebase todo/Pods-firebase todo.release.xcconfig"; sourceTree = "<group>"; };
		C0B090CE5CF92A6D3028D4A7 /* Pods-firebase todo.debug.xcconfig */ = {isa = PBXFileReference; includeInIndex = 1; lastKnownFileType = text.xcconfig; name = "Pods-firebase todo.debug.xcconfig"; path = "Target Support Files/Pods-firebase todo/Pods-firebase todo.debug.xcconfig"; sourceTree = "<group>"; };
		E9248B3028612CF000ED4F58 /* firebase todo.app */ = {isa = PBXFileReference; explicitFileType = wrapper.application; includeInIndex = 0; path = "firebase todo.app"; sourceTree = BUILT_PRODUCTS_DIR; };
		E9248B3328612CF000ED4F58 /* AppDelegate.swift */ = {isa = PBXFileReference; lastKnownFileType = sourcecode.swift; path = AppDelegate.swift; sourceTree = "<group>"; };
		E9248B3528612CF000ED4F58 /* SceneDelegate.swift */ = {isa = PBXFileReference; lastKnownFileType = sourcecode.swift; path = SceneDelegate.swift; sourceTree = "<group>"; };
		E9248B3728612CF000ED4F58 /* LoginViewController.swift */ = {isa = PBXFileReference; lastKnownFileType = sourcecode.swift; path = LoginViewController.swift; sourceTree = "<group>"; };
		E9248B3A28612CF000ED4F58 /* Base */ = {isa = PBXFileReference; lastKnownFileType = file.storyboard; name = Base; path = Base.lproj/Main.storyboard; sourceTree = "<group>"; };
		E9248B3C28612CF300ED4F58 /* Assets.xcassets */ = {isa = PBXFileReference; lastKnownFileType = folder.assetcatalog; path = Assets.xcassets; sourceTree = "<group>"; };
		E9248B3F28612CF300ED4F58 /* Base */ = {isa = PBXFileReference; lastKnownFileType = file.storyboard; name = Base; path = Base.lproj/LaunchScreen.storyboard; sourceTree = "<group>"; };
		E9248B4128612CF300ED4F58 /* Info.plist */ = {isa = PBXFileReference; lastKnownFileType = text.plist.xml; path = Info.plist; sourceTree = "<group>"; };
		E9248B4728613DB500ED4F58 /* TasksViewController.swift */ = {isa = PBXFileReference; lastKnownFileType = sourcecode.swift; path = TasksViewController.swift; sourceTree = "<group>"; };
		E9248B4B2864257100ED4F58 /* GoogleService-Info.plist */ = {isa = PBXFileReference; fileEncoding = 4; lastKnownFileType = text.plist.xml; path = "GoogleService-Info.plist"; sourceTree = "<group>"; };
/* End PBXFileReference section */

/* Begin PBXFrameworksBuildPhase section */
		E9248B2D28612CF000ED4F58 /* Frameworks */ = {
			isa = PBXFrameworksBuildPhase;
			buildActionMask = 2147483647;
			files = (
				9B4799117E8E221FD1C58603 /* Pods_firebase_todo.framework in Frameworks */,
			);
			runOnlyForDeploymentPostprocessing = 0;
		};
/* End PBXFrameworksBuildPhase section */

/* Begin PBXGroup section */
		2BE6A1D007401FB1FB00FB76 /* Pods */ = {
			isa = PBXGroup;
			children = (
				C0B090CE5CF92A6D3028D4A7 /* Pods-firebase todo.debug.xcconfig */,
				7232C7D8F2A1C5B6CDFB0782 /* Pods-firebase todo.release.xcconfig */,
			);
			name = Pods;
			path = Pods;
			sourceTree = "<group>";
		};
		E9248B2728612CF000ED4F58 = {
			isa = PBXGroup;
			children = (
				E9248B3228612CF000ED4F58 /* firebase todo */,
				E9248B3128612CF000ED4F58 /* Products */,
				2BE6A1D007401FB1FB00FB76 /* Pods */,
				FB96589484799BD71741E1D3 /* Frameworks */,
			);
			sourceTree = "<group>";
		};
		E9248B3128612CF000ED4F58 /* Products */ = {
			isa = PBXGroup;
			children = (
				E9248B3028612CF000ED4F58 /* firebase todo.app */,
			);
			name = Products;
			sourceTree = "<group>";
		};
		E9248B3228612CF000ED4F58 /* firebase todo */ = {
			isa = PBXGroup;
			children = (
				E9248B4A28614B7400ED4F58 /* Controller */,
				E9248B4928614B3C00ED4F58 /* Supporting Files */,
				E9248B3E28612CF300ED4F58 /* LaunchScreen.storyboard */,
				E9248B4128612CF300ED4F58 /* Info.plist */,
			);
			path = "firebase todo";
			sourceTree = "<group>";
		};
		E9248B4928614B3C00ED4F58 /* Supporting Files */ = {
			isa = PBXGroup;
			children = (
				E9248B3328612CF000ED4F58 /* AppDelegate.swift */,
				E9248B3528612CF000ED4F58 /* SceneDelegate.swift */,
				E9248B4B2864257100ED4F58 /* GoogleService-Info.plist */,
				E9248B3928612CF000ED4F58 /* Main.storyboard */,
				E9248B3C28612CF300ED4F58 /* Assets.xcassets */,
			);
			path = "Supporting Files";
			sourceTree = "<group>";
		};
		E9248B4A28614B7400ED4F58 /* Controller */ = {
			isa = PBXGroup;
			children = (
				E9248B3728612CF000ED4F58 /* LoginViewController.swift */,
				E9248B4728613DB500ED4F58 /* TasksViewController.swift */,
			);
			path = Controller;
			sourceTree = "<group>";
		};
		FB96589484799BD71741E1D3 /* Frameworks */ = {
			isa = PBXGroup;
			children = (
				38BD957828D41F37D048BB2B /* Pods_firebase_todo.framework */,
			);
			name = Frameworks;
			sourceTree = "<group>";
		};
/* End PBXGroup section */

/* Begin PBXNativeTarget section */
		E9248B2F28612CF000ED4F58 /* firebase todo */ = {
			isa = PBXNativeTarget;
			buildConfigurationList = E9248B4428612CF300ED4F58 /* Build configuration list for PBXNativeTarget "firebase todo" */;
			buildPhases = (
				7CC5249249F14C8C314FD041 /* [CP] Check Pods Manifest.lock */,
				E9248B2C28612CF000ED4F58 /* Sources */,
				E9248B2D28612CF000ED4F58 /* Frameworks */,
				E9248B2E28612CF000ED4F58 /* Resources */,
				DE57CD9B7662512669C4C96A /* [CP] Embed Pods Frameworks */,
			);
			buildRules = (
			);
			dependencies = (
			);
			name = "firebase todo";
			productName = "firebase todo";
			productReference = E9248B3028612CF000ED4F58 /* firebase todo.app */;
			productType = "com.apple.product-type.application";
		};
/* End PBXNativeTarget section */

/* Begin PBXProject section */
		E9248B2828612CF000ED4F58 /* Project object */ = {
			isa = PBXProject;
			attributes = {
				BuildIndependentTargetsInParallel = 1;
				LastSwiftUpdateCheck = 1340;
				LastUpgradeCheck = 1340;
				TargetAttributes = {
					E9248B2F28612CF000ED4F58 = {
						CreatedOnToolsVersion = 13.4;
					};
				};
			};
			buildConfigurationList = E9248B2B28612CF000ED4F58 /* Build configuration list for PBXProject "firebase todo" */;
			compatibilityVersion = "Xcode 13.0";
			developmentRegion = en;
			hasScannedForEncodings = 0;
			knownRegions = (
				en,
				Base,
			);
			mainGroup = E9248B2728612CF000ED4F58;
			productRefGroup = E9248B3128612CF000ED4F58 /* Products */;
			projectDirPath = "";
			projectRoot = "";
			targets = (
				E9248B2F28612CF000ED4F58 /* firebase todo */,
			);
		};
/* End PBXProject section */

/* Begin PBXResourcesBuildPhase section */
		E9248B2E28612CF000ED4F58 /* Resources */ = {
			isa = PBXResourcesBuildPhase;
			buildActionMask = 2147483647;
			files = (
				E9248B4028612CF300ED4F58 /* LaunchScreen.storyboard in Resources */,
				E9248B4C2864257100ED4F58 /* GoogleService-Info.plist in Resources */,
				E9248B3D28612CF300ED4F58 /* Assets.xcassets in Resources */,
				E9248B3B28612CF000ED4F58 /* Main.storyboard in Resources */,
			);
			runOnlyForDeploymentPostprocessing = 0;
		};
/* End PBXResourcesBuildPhase section */

/* Begin PBXShellScriptBuildPhase section */
		7CC5249249F14C8C314FD041 /* [CP] Check Pods Manifest.lock */ = {
			isa = PBXShellScriptBuildPhase;
			buildActionMask = 2147483647;
			files = (
			);
			inputFileListPaths = (
			);
			inputPaths = (
				"${PODS_PODFILE_DIR_PATH}/Podfile.lock",
				"${PODS_ROOT}/Manifest.lock",
			);
			name = "[CP] Check Pods Manifest.lock";
			outputFileListPaths = (
			);
			outputPaths = (
				"$(DERIVED_FILE_DIR)/Pods-firebase todo-checkManifestLockResult.txt",
			);
			runOnlyForDeploymentPostprocessing = 0;
			shellPath = /bin/sh;
			shellScript = "diff \"${PODS_PODFILE_DIR_PATH}/Podfile.lock\" \"${PODS_ROOT}/Manifest.lock\" > /dev/null\nif [ $? != 0 ] ; then\n    # print error to STDERR\n    echo \"error: The sandbox is not in sync with the Podfile.lock. Run 'pod install' or update your CocoaPods installation.\" >&2\n    exit 1\nfi\n# This output is used by Xcode 'outputs' to avoid re-running this script phase.\necho \"SUCCESS\" > \"${SCRIPT_OUTPUT_FILE_0}\"\n";
			showEnvVarsInLog = 0;
		};
		DE57CD9B7662512669C4C96A /* [CP] Embed Pods Frameworks */ = {
			isa = PBXShellScriptBuildPhase;
			buildActionMask = 2147483647;
			files = (
			);
			inputFileListPaths = (
				"${PODS_ROOT}/Target Support Files/Pods-firebase todo/Pods-firebase todo-frameworks-${CONFIGURATION}-input-files.xcfilelist",
			);
			name = "[CP] Embed Pods Frameworks";
			outputFileListPaths = (
				"${PODS_ROOT}/Target Support Files/Pods-firebase todo/Pods-firebase todo-frameworks-${CONFIGURATION}-output-files.xcfilelist",
			);
			runOnlyForDeploymentPostprocessing = 0;
			shellPath = /bin/sh;
			shellScript = "\"${PODS_ROOT}/Target Support Files/Pods-firebase todo/Pods-firebase todo-frameworks.sh\"\n";
			showEnvVarsInLog = 0;
		};
/* End PBXShellScriptBuildPhase section */

/* Begin PBXSourcesBuildPhase section */
		E9248B2C28612CF000ED4F58 /* Sources */ = {
			isa = PBXSourcesBuildPhase;
			buildActionMask = 2147483647;
			files = (
				E9248B3828612CF000ED4F58 /* LoginViewController.swift in Sources */,
				E9248B4828613DB500ED4F58 /* TasksViewController.swift in Sources */,
				E9248B3428612CF000ED4F58 /* AppDelegate.swift in Sources */,
				E9248B3628612CF000ED4F58 /* SceneDelegate.swift in Sources */,
			);
			runOnlyForDeploymentPostprocessing = 0;
		};
/* End PBXSourcesBuildPhase section */

/* Begin PBXVariantGroup section */
		E9248B3928612CF000ED4F58 /* Main.storyboard */ = {
			isa = PBXVariantGroup;
			children = (
				E9248B3A28612CF000ED4F58 /* Base */,
			);
			name = Main.storyboard;
			sourceTree = "<group>";
		};
		E9248B3E28612CF300ED4F58 /* LaunchScreen.storyboard */ = {
			isa = PBXVariantGroup;
			children = (
				E9248B3F28612CF300ED4F58 /* Base */,
			);
			name = LaunchScreen.storyboard;
			sourceTree = "<group>";
		};
/* End PBXVariantGroup section */

/* Begin XCBuildConfiguration section */
		E9248B4228612CF300ED4F58 /* Debug */ = {
			isa = XCBuildConfiguration;
			buildSettings = {
				ALWAYS_SEARCH_USER_PATHS = NO;
				CLANG_ANALYZER_NONNULL = YES;
				CLANG_ANALYZER_NUMBER_OBJECT_CONVERSION = YES_AGGRESSIVE;
				CLANG_CXX_LANGUAGE_STANDARD = "gnu++17";
				CLANG_ENABLE_MODULES = YES;
				CLANG_ENABLE_OBJC_ARC = YES;
				CLANG_ENABLE_OBJC_WEAK = YES;
				CLANG_WARN_BLOCK_CAPTURE_AUTORELEASING = YES;
				CLANG_WARN_BOOL_CONVERSION = YES;
				CLANG_WARN_COMMA = YES;
				CLANG_WARN_CONSTANT_CONVERSION = YES;
				CLANG_WARN_DEPRECATED_OBJC_IMPLEMENTATIONS = YES;
				CLANG_WARN_DIRECT_OBJC_ISA_USAGE = YES_ERROR;
				CLANG_WARN_DOCUMENTATION_COMMENTS = YES;
				CLANG_WARN_EMPTY_BODY = YES;
				CLANG_WARN_ENUM_CONVERSION = YES;
				CLANG_WARN_INFINITE_RECURSION = YES;
				CLANG_WARN_INT_CONVERSION = YES;
				CLANG_WARN_NON_LITERAL_NULL_CONVERSION = YES;
				CLANG_WARN_OBJC_IMPLICIT_RETAIN_SELF = YES;
				CLANG_WARN_OBJC_LITERAL_CONVERSION = YES;
				CLANG_WARN_OBJC_ROOT_CLASS = YES_ERROR;
				CLANG_WARN_QUOTED_INCLUDE_IN_FRAMEWORK_HEADER = YES;
				CLANG_WARN_RANGE_LOOP_ANALYSIS = YES;
				CLANG_WARN_STRICT_PROTOTYPES = YES;
				CLANG_WARN_SUSPICIOUS_MOVE = YES;
				CLANG_WARN_UNGUARDED_AVAILABILITY = YES_AGGRESSIVE;
				CLANG_WARN_UNREACHABLE_CODE = YES;
				CLANG_WARN__DUPLICATE_METHOD_MATCH = YES;
				COPY_PHASE_STRIP = NO;
				DEBUG_INFORMATION_FORMAT = dwarf;
				ENABLE_STRICT_OBJC_MSGSEND = YES;
				ENABLE_TESTABILITY = YES;
				GCC_C_LANGUAGE_STANDARD = gnu11;
				GCC_DYNAMIC_NO_PIC = NO;
				GCC_NO_COMMON_BLOCKS = YES;
				GCC_OPTIMIZATION_LEVEL = 0;
				GCC_PREPROCESSOR_DEFINITIONS = (
					"DEBUG=1",
					"$(inherited)",
				);
				GCC_WARN_64_TO_32_BIT_CONVERSION = YES;
				GCC_WARN_ABOUT_RETURN_TYPE = YES_ERROR;
				GCC_WARN_UNDECLARED_SELECTOR = YES;
				GCC_WARN_UNINITIALIZED_AUTOS = YES_AGGRESSIVE;
				GCC_WARN_UNUSED_FUNCTION = YES;
				GCC_WARN_UNUSED_VARIABLE = YES;
				IPHONEOS_DEPLOYMENT_TARGET = 15.5;
				MTL_ENABLE_DEBUG_INFO = INCLUDE_SOURCE;
				MTL_FAST_MATH = YES;
				ONLY_ACTIVE_ARCH = YES;
				SDKROOT = iphoneos;
				SWIFT_ACTIVE_COMPILATION_CONDITIONS = DEBUG;
				SWIFT_OPTIMIZATION_LEVEL = "-Onone";
			};
			name = Debug;
		};
		E9248B4328612CF300ED4F58 /* Release */ = {
			isa = XCBuildConfiguration;
			buildSettings = {
				ALWAYS_SEARCH_USER_PATHS = NO;
				CLANG_ANALYZER_NONNULL = YES;
				CLANG_ANALYZER_NUMBER_OBJECT_CONVERSION = YES_AGGRESSIVE;
				CLANG_CXX_LANGUAGE_STANDARD = "gnu++17";
				CLANG_ENABLE_MODULES = YES;
				CLANG_ENABLE_OBJC_ARC = YES;
				CLANG_ENABLE_OBJC_WEAK = YES;
				CLANG_WARN_BLOCK_CAPTURE_AUTORELEASING = YES;
				CLANG_WARN_BOOL_CONVERSION = YES;
				CLANG_WARN_COMMA = YES;
				CLANG_WARN_CONSTANT_CONVERSION = YES;
				CLANG_WARN_DEPRECATED_OBJC_IMPLEMENTATIONS = YES;
				CLANG_WARN_DIRECT_OBJC_ISA_USAGE = YES_ERROR;
				CLANG_WARN_DOCUMENTATION_COMMENTS = YES;
				CLANG_WARN_EMPTY_BODY = YES;
				CLANG_WARN_ENUM_CONVERSION = YES;
				CLANG_WARN_INFINITE_RECURSION = YES;
				CLANG_WARN_INT_CONVERSION = YES;
				CLANG_WARN_NON_LITERAL_NULL_CONVERSION = YES;
				CLANG_WARN_OBJC_IMPLICIT_RETAIN_SELF = YES;
				CLANG_WARN_OBJC_LITERAL_CONVERSION = YES;
				CLANG_WARN_OBJC_ROOT_CLASS = YES_ERROR;
				CLANG_WARN_QUOTED_INCLUDE_IN_FRAMEWORK_HEADER = YES;
				CLANG_WARN_RANGE_LOOP_ANALYSIS = YES;
				CLANG_WARN_STRICT_PROTOTYPES = YES;
				CLANG_WARN_SUSPICIOUS_MOVE = YES;
				CLANG_WARN_UNGUARDED_AVAILABILITY = YES_AGGRESSIVE;
				CLANG_WARN_UNREACHABLE_CODE = YES;
				CLANG_WARN__DUPLICATE_METHOD_MATCH = YES;
				COPY_PHASE_STRIP = NO;
				DEBUG_INFORMATION_FORMAT = "dwarf-with-dsym";
				ENABLE_NS_ASSERTIONS = NO;
				ENABLE_STRICT_OBJC_MSGSEND = YES;
				GCC_C_LANGUAGE_STANDARD = gnu11;
				GCC_NO_COMMON_BLOCKS = YES;
				GCC_WARN_64_TO_32_BIT_CONVERSION = YES;
				GCC_WARN_ABOUT_RETURN_TYPE = YES_ERROR;
				GCC_WARN_UNDECLARED_SELECTOR = YES;
				GCC_WARN_UNINITIALIZED_AUTOS = YES_AGGRESSIVE;
				GCC_WARN_UNUSED_FUNCTION = YES;
				GCC_WARN_UNUSED_VARIABLE = YES;
				IPHONEOS_DEPLOYMENT_TARGET = 15.5;
				MTL_ENABLE_DEBUG_INFO = NO;
				MTL_FAST_MATH = YES;
				SDKROOT = iphoneos;
				SWIFT_COMPILATION_MODE = wholemodule;
				SWIFT_OPTIMIZATION_LEVEL = "-O";
				VALIDATE_PRODUCT = YES;
			};
			name = Release;
		};
		E9248B4528612CF300ED4F58 /* Debug */ = {
			isa = XCBuildConfiguration;
			baseConfigurationReference = C0B090CE5CF92A6D3028D4A7 /* Pods-firebase todo.debug.xcconfig */;
			buildSettings = {
				ASSETCATALOG_COMPILER_APPICON_NAME = AppIcon;
				ASSETCATALOG_COMPILER_GLOBAL_ACCENT_COLOR_NAME = AccentColor;
				CODE_SIGN_STYLE = Automatic;
				CURRENT_PROJECT_VERSION = 1;
				DEVELOPMENT_TEAM = V55R9QXR75;
				GENERATE_INFOPLIST_FILE = YES;
				INFOPLIST_FILE = "firebase todo/Info.plist";
				INFOPLIST_KEY_UIApplicationSupportsIndirectInputEvents = YES;
				INFOPLIST_KEY_UILaunchStoryboardName = LaunchScreen;
				INFOPLIST_KEY_UIMainStoryboardFile = Main;
				INFOPLIST_KEY_UISupportedInterfaceOrientations_iPad = "UIInterfaceOrientationPortrait UIInterfaceOrientationPortraitUpsideDown UIInterfaceOrientationLandscapeLeft UIInterfaceOrientationLandscapeRight";
				INFOPLIST_KEY_UISupportedInterfaceOrientations_iPhone = "UIInterfaceOrientationPortrait UIInterfaceOrientationLandscapeLeft UIInterfaceOrientationLandscapeRight";
				LD_RUNPATH_SEARCH_PATHS = (
					"$(inherited)",
					"@executable_path/Frameworks",
				);
				MARKETING_VERSION = 1.0;
				PRODUCT_BUNDLE_IDENTIFIER = "mkm.firebase-todo";
				PRODUCT_NAME = "$(TARGET_NAME)";
				SWIFT_EMIT_LOC_STRINGS = YES;
				SWIFT_VERSION = 5.0;
				TARGETED_DEVICE_FAMILY = "1,2";
			};
			name = Debug;
		};
		E9248B4628612CF300ED4F58 /* Release */ = {
			isa = XCBuildConfiguration;
			baseConfigurationReference = 7232C7D8F2A1C5B6CDFB0782 /* Pods-firebase todo.release.xcconfig */;
			buildSettings = {
				ASSETCATALOG_COMPILER_APPICON_NAME = AppIcon;
				ASSETCATALOG_COMPILER_GLOBAL_ACCENT_COLOR_NAME = AccentColor;
				CODE_SIGN_STYLE = Automatic;
				CURRENT_PROJECT_VERSION = 1;
				DEVELOPMENT_TEAM = V55R9QXR75;
				GENERATE_INFOPLIST_FILE = YES;
				INFOPLIST_FILE = "firebase todo/Info.plist";
				INFOPLIST_KEY_UIApplicationSupportsIndirectInputEvents = YES;
				INFOPLIST_KEY_UILaunchStoryboardName = LaunchScreen;
				INFOPLIST_KEY_UIMainStoryboardFile = Main;
				INFOPLIST_KEY_UISupportedInterfaceOrientations_iPad = "UIInterfaceOrientationPortrait UIInterfaceOrientationPortraitUpsideDown UIInterfaceOrientationLandscapeLeft UIInterfaceOrientationLandscapeRight";
				INFOPLIST_KEY_UISupportedInterfaceOrientations_iPhone = "UIInterfaceOrientationPortrait UIInterfaceOrientationLandscapeLeft UIInterfaceOrientationLandscapeRight";
				LD_RUNPATH_SEARCH_PATHS = (
					"$(inherited)",
					"@executable_path/Frameworks",
				);
				MARKETING_VERSION = 1.0;
				PRODUCT_BUNDLE_IDENTIFIER = "mkm.firebase-todo";
				PRODUCT_NAME = "$(TARGET_NAME)";
				SWIFT_EMIT_LOC_STRINGS = YES;
				SWIFT_VERSION = 5.0;
				TARGETED_DEVICE_FAMILY = "1,2";
			};
			name = Release;
		};
/* End XCBuildConfiguration section */

/* Begin XCConfigurationList section */
		E9248B2B28612CF000ED4F58 /* Build configuration list for PBXProject "firebase todo" */ = {
			isa = XCConfigurationList;
			buildConfigurations = (
				E9248B4228612CF300ED4F58 /* Debug */,
				E9248B4328612CF300ED4F58 /* Release */,
			);
			defaultConfigurationIsVisible = 0;
			defaultConfigurationName = Release;
		};
		E9248B4428612CF300ED4F58 /* Build configuration list for PBXNativeTarget "firebase todo" */ = {
			isa = XCConfigurationList;
			buildConfigurations = (
				E9248B4528612CF300ED4F58 /* Debug */,
				E9248B4628612CF300ED4F58 /* Release */,
			);
			defaultConfigurationIsVisible = 0;
			defaultConfigurationName = Release;
		};
/* End XCConfigurationList section */
	};
	rootObject = E9248B2828612CF000ED4F58 /* Project object */;
}
